
Microsoft Visual Studio Solution File, Format Version 12.00
# Visual Studio 15
VisualStudioVersion = 15.0.28010.2036
MinimumVisualStudioVersion = 10.0.40219.1
Project("{FAE04EC0-301F-11D3-BF4B-00C04F79EFBC}") = "DesktopApp1", "DesktopApp1\DesktopApp1.csproj", "{C81D8AE7-DBAD-4291-92C8-9FAF8B29F625}"
EndProject
Project("{2150E333-8FDC-42A3-9474-1A3956D46DE8}") = "Solution Items", "Solution Items", "{2B6302C2-8B03-4710-8151-836799C80E32}"
EndProject
Global
	GlobalSection(SolutionConfigurationPlatforms) = preSolution
		Debug|Any CPU = Debug|Any CPU
		Release|Any CPU = Release|Any CPU
	EndGlobalSection
	GlobalSection(ProjectConfigurationPlatforms) = postSolution
		{C81D8AE7-DBAD-4291-92C8-9FAF8B29F625}.Debug|Any CPU.ActiveCfg = Debug|Any CPU
		{C81D8AE7-DBAD-4291-92C8-9FAF8B29F625}.Debug|Any CPU.Build.0 = Debug|Any CPU
		{C81D8AE7-DBAD-4291-92C8-9FAF8B29F625}.Release|Any CPU.ActiveCfg = Release|Any CPU
		{C81D8AE7-DBAD-4291-92C8-9FAF8B29F625}.Release|Any CPU.Build.0 = Release|Any CPU
	EndGlobalSection
	GlobalSection(SolutionProperties) = preSolution
		HideSolutionNode = FALSE
	EndGlobalSection
	GlobalSection(ExtensibilityGlobals) = postSolution
		SolutionGuid = {0FCDC214-09FB-480F-878F-D978C4869272}
	EndGlobalSection
EndGlobal
